
Microsoft Visual Studio Solution File, Format Version 12.00
# Visual Studio Version 16
VisualStudioVersion = 16.0.30320.27
MinimumVisualStudioVersion = 10.0.40219.1
Project("{8BC9CEB8-8B4A-11D0-8D11-00A0C91BC942}") = "Lab1", "Lab1\Lab1.vcxproj", "{A651DAF5-B353-4220-BFDF-4D477260F481}"
EndProject
Global
	GlobalSection(SolutionConfigurationPlatforms) = preSolution
		Debug|x64 = Debug|x64
		Debug|x86 = Debug|x86
		Release|x64 = Release|x64
		Release|x86 = Release|x86
	EndGlobalSection
	GlobalSection(ProjectConfigurationPlatforms) = postSolution
		{A651DAF5-B353-4220-BFDF-4D477260F481}.Debug|x64.ActiveCfg = Debug|x64
		{A651DAF5-B353-4220-BFDF-4D477260F481}.Debug|x64.Build.0 = Debug|x64
		{A651DAF5-B353-4220-BFDF-4D477260F481}.Debug|x86.ActiveCfg = Debug|Win32
		{A651DAF5-B353-4220-BFDF-4D477260F481}.Debug|x86.Build.0 = Debug|Win32
		{A651DAF5-B353-4220-BFDF-4D477260F481}.Release|x64.ActiveCfg = Release|x64
		{A651DAF5-B353-4220-BFDF-4D477260F481}.Release|x64.Build.0 = Release|x64
		{A651DAF5-B353-4220-BFDF-4D477260F481}.Release|x86.ActiveCfg = Release|Win32
		{A651DAF5-B353-4220-BFDF-4D477260F481}.Release|x86.Build.0 = Release|Win32
	EndGlobalSection
	GlobalSection(SolutionProperties) = preSolution
		HideSolutionNode = FALSE
	EndGlobalSection
	GlobalSection(ExtensibilityGlobals) = postSolution
		SolutionGuid = {76D35913-BE0A-430D-80B3-9AC40FA6E135}
	EndGlobalSection
EndGlobal
